
Microsoft Visual Studio Solution File, Format Version 12.00
# Visual Studio Version 17
VisualStudioVersion = 17.10.35004.147
MinimumVisualStudioVersion = 10.0.40219.1
Project("{FAE04EC0-301F-11D3-BF4B-00C04F79EFBC}") = "LimbajeFormaleLab5v2", "LimbajeFormaleLab5v2\LimbajeFormaleLab5v2.csproj", "{0A0F64CB-1389-4E0E-8D90-C1DCD7AC7F78}"
EndProject
Global
	GlobalSection(SolutionConfigurationPlatforms) = preSolution
		Debug|Any CPU = Debug|Any CPU
		Release|Any CPU = Release|Any CPU
	EndGlobalSection
	GlobalSection(ProjectConfigurationPlatforms) = postSolution
		{0A0F64CB-1389-4E0E-8D90-C1DCD7AC7F78}.Debug|Any CPU.ActiveCfg = Debug|Any CPU
		{0A0F64CB-1389-4E0E-8D90-C1DCD7AC7F78}.Debug|Any CPU.Build.0 = Debug|Any CPU
		{0A0F64CB-1389-4E0E-8D90-C1DCD7AC7F78}.Release|Any CPU.ActiveCfg = Release|Any CPU
		{0A0F64CB-1389-4E0E-8D90-C1DCD7AC7F78}.Release|Any CPU.Build.0 = Release|Any CPU
	EndGlobalSection
	GlobalSection(SolutionProperties) = preSolution
		HideSolutionNode = FALSE
	EndGlobalSection
	GlobalSection(ExtensibilityGlobals) = postSolution
		SolutionGuid = {BFB29A5A-7D31-41C2-BB1D-5B223DA60A53}
	EndGlobalSection
EndGlobal
